
Microsoft Visual Studio Solution File, Format Version 12.00
# Visual Studio Version 17
VisualStudioVersion = 17.14.36408.4
MinimumVisualStudioVersion = 10.0.40219.1
Project("{FAE04EC0-301F-11D3-BF4B-00C04F79EFBC}") = "BlogApp", "BlogApp\BlogApp.csproj", "{E6164D97-74FE-4E80-933D-FD42476240C6}"
EndProject
Project("{FAE04EC0-301F-11D3-BF4B-00C04F79EFBC}") = "BlogAPI", "..\..\BlogAPI\BlogAPI\BlogAPI.csproj", "{F0250161-32F7-20A4-2075-2765FA6C0660}"
EndProject
Global
	GlobalSection(SolutionConfigurationPlatforms) = preSolution
		Debug|Any CPU = Debug|Any CPU
		Release|Any CPU = Release|Any CPU
	EndGlobalSection
	GlobalSection(ProjectConfigurationPlatforms) = postSolution
		{E6164D97-74FE-4E80-933D-FD42476240C6}.Debug|Any CPU.ActiveCfg = Debug|Any CPU
		{E6164D97-74FE-4E80-933D-FD42476240C6}.Debug|Any CPU.Build.0 = Debug|Any CPU
		{E6164D97-74FE-4E80-933D-FD42476240C6}.Release|Any CPU.ActiveCfg = Release|Any CPU
		{E6164D97-74FE-4E80-933D-FD42476240C6}.Release|Any CPU.Build.0 = Release|Any CPU
		{F0250161-32F7-20A4-2075-2765FA6C0660}.Debug|Any CPU.ActiveCfg = Debug|Any CPU
		{F0250161-32F7-20A4-2075-2765FA6C0660}.Debug|Any CPU.Build.0 = Debug|Any CPU
		{F0250161-32F7-20A4-2075-2765FA6C0660}.Release|Any CPU.ActiveCfg = Release|Any CPU
		{F0250161-32F7-20A4-2075-2765FA6C0660}.Release|Any CPU.Build.0 = Release|Any CPU
	EndGlobalSection
	GlobalSection(SolutionProperties) = preSolution
		HideSolutionNode = FALSE
	EndGlobalSection
	GlobalSection(ExtensibilityGlobals) = postSolution
		SolutionGuid = {8D139A07-6125-4402-9B8C-38038324514D}
	EndGlobalSection
EndGlobal
